
Microsoft Visual Studio Solution File, Format Version 12.00
# Visual Studio Version 16
VisualStudioVersion = 16.0.31005.135
MinimumVisualStudioVersion = 10.0.40219.1
Project("{FAE04EC0-301F-11D3-BF4B-00C04F79EFBC}") = "ProtectAPI", "ProtectAPI.csproj", "{89B4C726-96EB-4462-BABB-55029E663B1B}"
EndProject
Global
	GlobalSection(SolutionConfigurationPlatforms) = preSolution
		Debug|Any CPU = Debug|Any CPU
		Release|Any CPU = Release|Any CPU
	EndGlobalSection
	GlobalSection(ProjectConfigurationPlatforms) = postSolution
		{89B4C726-96EB-4462-BABB-55029E663B1B}.Debug|Any CPU.ActiveCfg = Debug|Any CPU
		{89B4C726-96EB-4462-BABB-55029E663B1B}.Debug|Any CPU.Build.0 = Debug|Any CPU
		{89B4C726-96EB-4462-BABB-55029E663B1B}.Release|Any CPU.ActiveCfg = Release|Any CPU
		{89B4C726-96EB-4462-BABB-55029E663B1B}.Release|Any CPU.Build.0 = Release|Any CPU
	EndGlobalSection
	GlobalSection(SolutionProperties) = preSolution
		HideSolutionNode = FALSE
	EndGlobalSection
	GlobalSection(ExtensibilityGlobals) = postSolution
		SolutionGuid = {7A0D2A12-1840-4C8C-940B-2B98F0283DD6}
	EndGlobalSection
EndGlobal
